
Microsoft Visual Studio Solution File, Format Version 12.00
# Visual Studio 15
VisualStudioVersion = 15.0.28307.421
MinimumVisualStudioVersion = 10.0.40219.1
Project("{9A19103F-16F7-4668-BE54-9A1E7A4F7556}") = "SyncSoft.Future", "..\Shared\Core\SyncSoft.Future.csproj", "{0360749E-7BEF-44FA-8FFC-5A4F798F2D8B}"
EndProject
Project("{9A19103F-16F7-4668-BE54-9A1E7A4F7556}") = "SyncSoft.Future.Redis", "..\Shared\DataAccess\Redis\SyncSoft.Future.Redis.csproj", "{D16C438F-53E3-4FF9-8615-8EB9C7B4E903}"
EndProject
Project("{9A19103F-16F7-4668-BE54-9A1E7A4F7556}") = "SyncSoft.Future.Passport.Domain", "Business\Domain\SyncSoft.Future.Passport.Domain.csproj", "{6E4E09F1-45EE-4CAE-BF3E-6AD2DFB077E4}"
EndProject
Project("{9A19103F-16F7-4668-BE54-9A1E7A4F7556}") = "SyncSoft.Future.Passport.MySql", "DataAccess\MySql\SyncSoft.Future.Passport.MySql.csproj", "{85609C93-C34A-410A-869E-D9BAC2E19D22}"
EndProject
Project("{9A19103F-16F7-4668-BE54-9A1E7A4F7556}") = "SyncSoft.Future.MySql", "..\Shared\DataAccess\MySql\SyncSoft.Future.MySql.csproj", "{268549CD-A40C-472E-9688-D529A1611E8B}"
EndProject
Project("{2150E333-8FDC-42A3-9474-1A3956D46DE8}") = "Shared", "Shared", "{37EFA8A0-5615-4593-91EA-DAC893316CE7}"
EndProject
Project("{2150E333-8FDC-42A3-9474-1A3956D46DE8}") = "Business", "Business", "{A7418597-9307-460C-9950-D4F8E9712B03}"
EndProject
Project("{2150E333-8FDC-42A3-9474-1A3956D46DE8}") = "DataAccess", "DataAccess", "{2122395B-FE35-402F-8118-F198A8711E57}"
EndProject
Project("{2150E333-8FDC-42A3-9474-1A3956D46DE8}") = "Host", "Host", "{CA745D54-2308-4DE2-ABD0-D16B6674E41D}"
EndProject
Project("{9A19103F-16F7-4668-BE54-9A1E7A4F7556}") = "SyncSoft.Future.Passport.WebSite", "Host\WebSite\SyncSoft.Future.Passport.WebSite.csproj", "{1366F82C-347E-4F68-AD5F-FF6647BC63C8}"
EndProject
Project("{9A19103F-16F7-4668-BE54-9A1E7A4F7556}") = "SyncSoft.Future.Passport", "Shared\Core\SyncSoft.Future.Passport.csproj", "{878F3FA0-494C-4F7A-B904-8E9A8FDB8A6B}"
EndProject
Project("{2150E333-8FDC-42A3-9474-1A3956D46DE8}") = "test", "test", "{C852C064-F0C2-4AC6-BEEE-309A329273DA}"
EndProject
Project("{2150E333-8FDC-42A3-9474-1A3956D46DE8}") = "Client", "Client", "{E0E1E141-D550-466B-9409-5A01691DE90E}"
EndProject
Project("{9A19103F-16F7-4668-BE54-9A1E7A4F7556}") = "SyncSoft.Future.Passport.API", "Client\API\SyncSoft.Future.Passport.API.csproj", "{3B44EF0C-D775-493E-8831-A734A9669D91}"
EndProject
Project("{9A19103F-16F7-4668-BE54-9A1E7A4F7556}") = "SyncSoft.Future.Passport.CommandHandler", "Business\CommandHandler\SyncSoft.Future.Passport.CommandHandler.csproj", "{ED0C6670-4D66-4CCF-AB47-C818BC03D6A5}"
EndProject
Project("{9A19103F-16F7-4668-BE54-9A1E7A4F7556}") = "SyncSoft.Future.Serilog", "..\Shared\Log\Serilog\SyncSoft.Future.Serilog.csproj", "{DAAFB410-9A06-4207-AEAD-43BFFC5B7E9C}"
EndProject
Project("{9A19103F-16F7-4668-BE54-9A1E7A4F7556}") = "SyncSoft.Future.NUnit", "..\Shared\Test\NUnit\SyncSoft.Future.NUnit.csproj", "{7793A965-C703-45ED-BD88-8A670C395A51}"
EndProject
Project("{9A19103F-16F7-4668-BE54-9A1E7A4F7556}") = "SyncSoft.Future.Passport.IntegratedTest", "test\Integrated\SyncSoft.Future.Passport.IntegratedTest.csproj", "{3B305EBA-4B63-400E-9689-0BFCEAB22790}"
EndProject
Project("{9A19103F-16F7-4668-BE54-9A1E7A4F7556}") = "SyncSoft.Future.Host", "..\Shared\Host\Core\SyncSoft.Future.Host.csproj", "{8D539056-9276-4654-A4E5-C3FC39BC4145}"
EndProject
Project("{9A19103F-16F7-4668-BE54-9A1E7A4F7556}") = "SyncSoft.Future.Passport.DataAccessTest", "test\DataAccess\SyncSoft.Future.Passport.DataAccessTest.csproj", "{3A592DD6-18BD-47ED-A945-C2711C2CAB9A}"
EndProject
Project("{9A19103F-16F7-4668-BE54-9A1E7A4F7556}") = "SyncSoft.Future.Passport.BusinessTest", "test\Business\SyncSoft.Future.Passport.BusinessTest.csproj", "{83D6372E-C263-4C13-9E3D-B8F4A7DAD595}"
EndProject
Global
	GlobalSection(SolutionConfigurationPlatforms) = preSolution
		Debug|Any CPU = Debug|Any CPU
		Release|Any CPU = Release|Any CPU
	EndGlobalSection
	GlobalSection(ProjectConfigurationPlatforms) = postSolution
		{0360749E-7BEF-44FA-8FFC-5A4F798F2D8B}.Debug|Any CPU.ActiveCfg = Debug|Any CPU
		{0360749E-7BEF-44FA-8FFC-5A4F798F2D8B}.Debug|Any CPU.Build.0 = Debug|Any CPU
		{0360749E-7BEF-44FA-8FFC-5A4F798F2D8B}.Release|Any CPU.ActiveCfg = Release|Any CPU
		{0360749E-7BEF-44FA-8FFC-5A4F798F2D8B}.Release|Any CPU.Build.0 = Release|Any CPU
		{D16C438F-53E3-4FF9-8615-8EB9C7B4E903}.Debug|Any CPU.ActiveCfg = Debug|Any CPU
		{D16C438F-53E3-4FF9-8615-8EB9C7B4E903}.Debug|Any CPU.Build.0 = Debug|Any CPU
		{D16C438F-53E3-4FF9-8615-8EB9C7B4E903}.Release|Any CPU.ActiveCfg = Release|Any CPU
		{D16C438F-53E3-4FF9-8615-8EB9C7B4E903}.Release|Any CPU.Build.0 = Release|Any CPU
		{6E4E09F1-45EE-4CAE-BF3E-6AD2DFB077E4}.Debug|Any CPU.ActiveCfg = Debug|Any CPU
		{6E4E09F1-45EE-4CAE-BF3E-6AD2DFB077E4}.Debug|Any CPU.Build.0 = Debug|Any CPU
		{6E4E09F1-45EE-4CAE-BF3E-6AD2DFB077E4}.Release|Any CPU.ActiveCfg = Release|Any CPU
		{6E4E09F1-45EE-4CAE-BF3E-6AD2DFB077E4}.Release|Any CPU.Build.0 = Release|Any CPU
		{85609C93-C34A-410A-869E-D9BAC2E19D22}.Debug|Any CPU.ActiveCfg = Debug|Any CPU
		{85609C93-C34A-410A-869E-D9BAC2E19D22}.Debug|Any CPU.Build.0 = Debug|Any CPU
		{85609C93-C34A-410A-869E-D9BAC2E19D22}.Release|Any CPU.ActiveCfg = Release|Any CPU
		{85609C93-C34A-410A-869E-D9BAC2E19D22}.Release|Any CPU.Build.0 = Release|Any CPU
		{268549CD-A40C-472E-9688-D529A1611E8B}.Debug|Any CPU.ActiveCfg = Debug|Any CPU
		{268549CD-A40C-472E-9688-D529A1611E8B}.Debug|Any CPU.Build.0 = Debug|Any CPU
		{268549CD-A40C-472E-9688-D529A1611E8B}.Release|Any CPU.ActiveCfg = Release|Any CPU
		{268549CD-A40C-472E-9688-D529A1611E8B}.Release|Any CPU.Build.0 = Release|Any CPU
		{1366F82C-347E-4F68-AD5F-FF6647BC63C8}.Debug|Any CPU.ActiveCfg = Debug|Any CPU
		{1366F82C-347E-4F68-AD5F-FF6647BC63C8}.Debug|Any CPU.Build.0 = Debug|Any CPU
		{1366F82C-347E-4F68-AD5F-FF6647BC63C8}.Release|Any CPU.ActiveCfg = Release|Any CPU
		{1366F82C-347E-4F68-AD5F-FF6647BC63C8}.Release|Any CPU.Build.0 = Release|Any CPU
		{878F3FA0-494C-4F7A-B904-8E9A8FDB8A6B}.Debug|Any CPU.ActiveCfg = Debug|Any CPU
		{878F3FA0-494C-4F7A-B904-8E9A8FDB8A6B}.Debug|Any CPU.Build.0 = Debug|Any CPU
		{878F3FA0-494C-4F7A-B904-8E9A8FDB8A6B}.Release|Any CPU.ActiveCfg = Release|Any CPU
		{878F3FA0-494C-4F7A-B904-8E9A8FDB8A6B}.Release|Any CPU.Build.0 = Release|Any CPU
		{3B44EF0C-D775-493E-8831-A734A9669D91}.Debug|Any CPU.ActiveCfg = Debug|Any CPU
		{3B44EF0C-D775-493E-8831-A734A9669D91}.Debug|Any CPU.Build.0 = Debug|Any CPU
		{3B44EF0C-D775-493E-8831-A734A9669D91}.Release|Any CPU.ActiveCfg = Release|Any CPU
		{3B44EF0C-D775-493E-8831-A734A9669D91}.Release|Any CPU.Build.0 = Release|Any CPU
		{ED0C6670-4D66-4CCF-AB47-C818BC03D6A5}.Debug|Any CPU.ActiveCfg = Debug|Any CPU
		{ED0C6670-4D66-4CCF-AB47-C818BC03D6A5}.Debug|Any CPU.Build.0 = Debug|Any CPU
		{ED0C6670-4D66-4CCF-AB47-C818BC03D6A5}.Release|Any CPU.ActiveCfg = Release|Any CPU
		{ED0C6670-4D66-4CCF-AB47-C818BC03D6A5}.Release|Any CPU.Build.0 = Release|Any CPU
		{DAAFB410-9A06-4207-AEAD-43BFFC5B7E9C}.Debug|Any CPU.ActiveCfg = Debug|Any CPU
		{DAAFB410-9A06-4207-AEAD-43BFFC5B7E9C}.Debug|Any CPU.Build.0 = Debug|Any CPU
		{DAAFB410-9A06-4207-AEAD-43BFFC5B7E9C}.Release|Any CPU.ActiveCfg = Release|Any CPU
		{DAAFB410-9A06-4207-AEAD-43BFFC5B7E9C}.Release|Any CPU.Build.0 = Release|Any CPU
		{7793A965-C703-45ED-BD88-8A670C395A51}.Debug|Any CPU.ActiveCfg = Debug|Any CPU
		{7793A965-C703-45ED-BD88-8A670C395A51}.Debug|Any CPU.Build.0 = Debug|Any CPU
		{7793A965-C703-45ED-BD88-8A670C395A51}.Release|Any CPU.ActiveCfg = Release|Any CPU
		{7793A965-C703-45ED-BD88-8A670C395A51}.Release|Any CPU.Build.0 = Release|Any CPU
		{3B305EBA-4B63-400E-9689-0BFCEAB22790}.Debug|Any CPU.ActiveCfg = Debug|Any CPU
		{3B305EBA-4B63-400E-9689-0BFCEAB22790}.Debug|Any CPU.Build.0 = Debug|Any CPU
		{3B305EBA-4B63-400E-9689-0BFCEAB22790}.Release|Any CPU.ActiveCfg = Release|Any CPU
		{3B305EBA-4B63-400E-9689-0BFCEAB22790}.Release|Any CPU.Build.0 = Release|Any CPU
		{8D539056-9276-4654-A4E5-C3FC39BC4145}.Debug|Any CPU.ActiveCfg = Debug|Any CPU
		{8D539056-9276-4654-A4E5-C3FC39BC4145}.Debug|Any CPU.Build.0 = Debug|Any CPU
		{8D539056-9276-4654-A4E5-C3FC39BC4145}.Release|Any CPU.ActiveCfg = Release|Any CPU
		{8D539056-9276-4654-A4E5-C3FC39BC4145}.Release|Any CPU.Build.0 = Release|Any CPU
		{3A592DD6-18BD-47ED-A945-C2711C2CAB9A}.Debug|Any CPU.ActiveCfg = Debug|Any CPU
		{3A592DD6-18BD-47ED-A945-C2711C2CAB9A}.Debug|Any CPU.Build.0 = Debug|Any CPU
		{3A592DD6-18BD-47ED-A945-C2711C2CAB9A}.Release|Any CPU.ActiveCfg = Release|Any CPU
		{3A592DD6-18BD-47ED-A945-C2711C2CAB9A}.Release|Any CPU.Build.0 = Release|Any CPU
		{83D6372E-C263-4C13-9E3D-B8F4A7DAD595}.Debug|Any CPU.ActiveCfg = Debug|Any CPU
		{83D6372E-C263-4C13-9E3D-B8F4A7DAD595}.Debug|Any CPU.Build.0 = Debug|Any CPU
		{83D6372E-C263-4C13-9E3D-B8F4A7DAD595}.Release|Any CPU.ActiveCfg = Release|Any CPU
		{83D6372E-C263-4C13-9E3D-B8F4A7DAD595}.Release|Any CPU.Build.0 = Release|Any CPU
	EndGlobalSection
	GlobalSection(SolutionProperties) = preSolution
		HideSolutionNode = FALSE
	EndGlobalSection
	GlobalSection(NestedProjects) = preSolution
		{0360749E-7BEF-44FA-8FFC-5A4F798F2D8B} = {37EFA8A0-5615-4593-91EA-DAC893316CE7}
		{D16C438F-53E3-4FF9-8615-8EB9C7B4E903} = {37EFA8A0-5615-4593-91EA-DAC893316CE7}
		{6E4E09F1-45EE-4CAE-BF3E-6AD2DFB077E4} = {A7418597-9307-460C-9950-D4F8E9712B03}
		{85609C93-C34A-410A-869E-D9BAC2E19D22} = {2122395B-FE35-402F-8118-F198A8711E57}
		{268549CD-A40C-472E-9688-D529A1611E8B} = {37EFA8A0-5615-4593-91EA-DAC893316CE7}
		{1366F82C-347E-4F68-AD5F-FF6647BC63C8} = {CA745D54-2308-4DE2-ABD0-D16B6674E41D}
		{878F3FA0-494C-4F7A-B904-8E9A8FDB8A6B} = {37EFA8A0-5615-4593-91EA-DAC893316CE7}
		{3B44EF0C-D775-493E-8831-A734A9669D91} = {E0E1E141-D550-466B-9409-5A01691DE90E}
		{ED0C6670-4D66-4CCF-AB47-C818BC03D6A5} = {A7418597-9307-460C-9950-D4F8E9712B03}
		{DAAFB410-9A06-4207-AEAD-43BFFC5B7E9C} = {37EFA8A0-5615-4593-91EA-DAC893316CE7}
		{7793A965-C703-45ED-BD88-8A670C395A51} = {37EFA8A0-5615-4593-91EA-DAC893316CE7}
		{3B305EBA-4B63-400E-9689-0BFCEAB22790} = {C852C064-F0C2-4AC6-BEEE-309A329273DA}
		{8D539056-9276-4654-A4E5-C3FC39BC4145} = {37EFA8A0-5615-4593-91EA-DAC893316CE7}
		{3A592DD6-18BD-47ED-A945-C2711C2CAB9A} = {C852C064-F0C2-4AC6-BEEE-309A329273DA}
		{83D6372E-C263-4C13-9E3D-B8F4A7DAD595} = {C852C064-F0C2-4AC6-BEEE-309A329273DA}
	EndGlobalSection
	GlobalSection(ExtensibilityGlobals) = postSolution
		SolutionGuid = {ADF17528-7506-4641-BE58-AD5D9DECF674}
	EndGlobalSection
EndGlobal
