
Microsoft Visual Studio Solution File, Format Version 12.00
# Visual Studio Version 16
VisualStudioVersion = 16.0.29215.179
MinimumVisualStudioVersion = 10.0.40219.1
Project("{2150E333-8FDC-42A3-9474-1A3956D46DE8}") = "Shared", "Shared", "{C4C6DE34-B60C-4F61-9B3A-BAD7EB36EC39}"
EndProject
Project("{2150E333-8FDC-42A3-9474-1A3956D46DE8}") = "DataAccess", "DataAccess", "{41B63EF7-CA50-42AE-81B0-ABCD2445C7AE}"
EndProject
Project("{2150E333-8FDC-42A3-9474-1A3956D46DE8}") = "Host", "Host", "{D8419F33-AB76-4DFB-A98B-B192331FC608}"
EndProject
Project("{9A19103F-16F7-4668-BE54-9A1E7A4F7556}") = "SyncSoft.Future.Logistics.MySql", "DataAccess\MySql\SyncSoft.Future.Logistics.MySql.csproj", "{CCEC4A3E-1318-4A7C-A36C-6E13C1FB3E04}"
EndProject
Project("{9A19103F-16F7-4668-BE54-9A1E7A4F7556}") = "SyncSoft.Future.Logistics.WebApi", "Host\WebApi\SyncSoft.Future.Logistics.WebApi.csproj", "{9D986738-B90B-4AE0-B689-C6C5C54CB68F}"
EndProject
Project("{9A19103F-16F7-4668-BE54-9A1E7A4F7556}") = "SyncSoft.Future.Logistics", "Shared\Core\SyncSoft.Future.Logistics.csproj", "{245E3FE3-72E2-4AA5-A61A-ECF8CCEECAFE}"
EndProject
Project("{9A19103F-16F7-4668-BE54-9A1E7A4F7556}") = "SyncSoft.Future", "..\Shared\Core\SyncSoft.Future.csproj", "{9D4A7005-7070-4A1B-9D1D-CC95566806BB}"
EndProject
Project("{9A19103F-16F7-4668-BE54-9A1E7A4F7556}") = "SyncSoft.Future.Redis", "..\Shared\DataAccess\Redis\SyncSoft.Future.Redis.csproj", "{EE262385-1805-4131-B358-D512E6EA9079}"
EndProject
Project("{9A19103F-16F7-4668-BE54-9A1E7A4F7556}") = "SyncSoft.Future.Logistics.Redis", "DataAccess\Redis\SyncSoft.Future.Logistics.Redis.csproj", "{01609F5C-F9D8-453F-8EB6-CCC088F8C68A}"
EndProject
Project("{9A19103F-16F7-4668-BE54-9A1E7A4F7556}") = "SyncSoft.Future.MySql", "..\Shared\DataAccess\MySql\SyncSoft.Future.MySql.csproj", "{C4DD5A03-4DC7-49D3-957C-918BD779F28F}"
EndProject
Project("{2150E333-8FDC-42A3-9474-1A3956D46DE8}") = "Business", "Business", "{BAE39483-71C3-4F59-B490-E8346B166817}"
EndProject
Project("{9A19103F-16F7-4668-BE54-9A1E7A4F7556}") = "SyncSoft.Future.Logistics.Domain", "Business\Domain\SyncSoft.Future.Logistics.Domain.csproj", "{D7D89097-7863-42C9-9B56-AF4F42C18793}"
EndProject
Project("{9A19103F-16F7-4668-BE54-9A1E7A4F7556}") = "SyncSoft.Future.Logistics.CommandHandler", "Business\CommandHandler\SyncSoft.Future.Logistics.CommandHandler.csproj", "{1E6A52EE-0588-48D1-8D36-84C8F3FAB886}"
EndProject
Project("{9A19103F-16F7-4668-BE54-9A1E7A4F7556}") = "SyncSoft.Future.Logistics.DataFacade", "DataAccess\DataFacade\SyncSoft.Future.Logistics.DataFacade.csproj", "{AF0ADA1C-993F-4D64-8BB4-4E7B30AB5415}"
EndProject
Project("{2150E333-8FDC-42A3-9474-1A3956D46DE8}") = "test", "test", "{5251C33C-E850-4144-BA28-7851DD779172}"
EndProject
Project("{2150E333-8FDC-42A3-9474-1A3956D46DE8}") = "Client", "Client", "{7C340657-627C-4BE8-BC7C-82C03EB09911}"
EndProject
Project("{9A19103F-16F7-4668-BE54-9A1E7A4F7556}") = "SyncSoft.Future.Logistics.API", "Client\API\SyncSoft.Future.Logistics.API.csproj", "{F3E84C88-4335-48E0-8FF6-09B19F615CCD}"
EndProject
Project("{9A19103F-16F7-4668-BE54-9A1E7A4F7556}") = "SyncSoft.Future.Logistics.Service", "Host\Service\SyncSoft.Future.Logistics.Service.csproj", "{A268F28C-D60E-4D4A-9252-CFE10A6A6E9F}"
EndProject
Project("{9A19103F-16F7-4668-BE54-9A1E7A4F7556}") = "IntegratedTest", "test\Integrated\IntegratedTest.csproj", "{0F432982-9C86-4225-A18E-B7B5955C2603}"
EndProject
Project("{9A19103F-16F7-4668-BE54-9A1E7A4F7556}") = "DataAccessTest", "test\DataAccess\DataAccessTest.csproj", "{3E04A5D5-E677-498B-B6B6-FC36EAF452C1}"
EndProject
Project("{9A19103F-16F7-4668-BE54-9A1E7A4F7556}") = "SyncSoft.Future.Host", "..\Shared\Host\Core\SyncSoft.Future.Host.csproj", "{C1C98460-61EB-452B-9AF2-6E0D1DCB72E1}"
EndProject
Project("{9A19103F-16F7-4668-BE54-9A1E7A4F7556}") = "BusinessTest", "test\Business\BusinessTest.csproj", "{ADBE356E-F34B-4397-8E02-A30254D757C3}"
EndProject
Project("{9A19103F-16F7-4668-BE54-9A1E7A4F7556}") = "SyncSoft.Future.NUnit", "..\Shared\Test\NUnit\SyncSoft.Future.NUnit.csproj", "{6D5DFE36-F451-40DF-8776-68C0D9CD0F49}"
EndProject
Project("{9A19103F-16F7-4668-BE54-9A1E7A4F7556}") = "SyncSoft.Future.Serilog", "..\Shared\Log\Serilog\SyncSoft.Future.Serilog.csproj", "{9895BA4D-4B87-4734-B64C-77E26654695C}"
EndProject
Project("{2150E333-8FDC-42A3-9474-1A3956D46DE8}") = "build", "build", "{A202C4F4-1F0F-4721-B71E-C706130A13D7}"
	ProjectSection(SolutionItems) = preProject
		build\common.props = build\common.props
	EndProjectSection
EndProject
Global
	GlobalSection(SolutionConfigurationPlatforms) = preSolution
		Debug|Any CPU = Debug|Any CPU
		Release|Any CPU = Release|Any CPU
	EndGlobalSection
	GlobalSection(ProjectConfigurationPlatforms) = postSolution
		{CCEC4A3E-1318-4A7C-A36C-6E13C1FB3E04}.Debug|Any CPU.ActiveCfg = Debug|Any CPU
		{CCEC4A3E-1318-4A7C-A36C-6E13C1FB3E04}.Debug|Any CPU.Build.0 = Debug|Any CPU
		{CCEC4A3E-1318-4A7C-A36C-6E13C1FB3E04}.Release|Any CPU.ActiveCfg = Release|Any CPU
		{CCEC4A3E-1318-4A7C-A36C-6E13C1FB3E04}.Release|Any CPU.Build.0 = Release|Any CPU
		{9D986738-B90B-4AE0-B689-C6C5C54CB68F}.Debug|Any CPU.ActiveCfg = Debug|Any CPU
		{9D986738-B90B-4AE0-B689-C6C5C54CB68F}.Debug|Any CPU.Build.0 = Debug|Any CPU
		{9D986738-B90B-4AE0-B689-C6C5C54CB68F}.Release|Any CPU.ActiveCfg = Release|Any CPU
		{9D986738-B90B-4AE0-B689-C6C5C54CB68F}.Release|Any CPU.Build.0 = Release|Any CPU
		{245E3FE3-72E2-4AA5-A61A-ECF8CCEECAFE}.Debug|Any CPU.ActiveCfg = Debug|Any CPU
		{245E3FE3-72E2-4AA5-A61A-ECF8CCEECAFE}.Debug|Any CPU.Build.0 = Debug|Any CPU
		{245E3FE3-72E2-4AA5-A61A-ECF8CCEECAFE}.Release|Any CPU.ActiveCfg = Release|Any CPU
		{245E3FE3-72E2-4AA5-A61A-ECF8CCEECAFE}.Release|Any CPU.Build.0 = Release|Any CPU
		{9D4A7005-7070-4A1B-9D1D-CC95566806BB}.Debug|Any CPU.ActiveCfg = Debug|Any CPU
		{9D4A7005-7070-4A1B-9D1D-CC95566806BB}.Debug|Any CPU.Build.0 = Debug|Any CPU
		{9D4A7005-7070-4A1B-9D1D-CC95566806BB}.Release|Any CPU.ActiveCfg = Release|Any CPU
		{9D4A7005-7070-4A1B-9D1D-CC95566806BB}.Release|Any CPU.Build.0 = Release|Any CPU
		{EE262385-1805-4131-B358-D512E6EA9079}.Debug|Any CPU.ActiveCfg = Debug|Any CPU
		{EE262385-1805-4131-B358-D512E6EA9079}.Debug|Any CPU.Build.0 = Debug|Any CPU
		{EE262385-1805-4131-B358-D512E6EA9079}.Release|Any CPU.ActiveCfg = Release|Any CPU
		{EE262385-1805-4131-B358-D512E6EA9079}.Release|Any CPU.Build.0 = Release|Any CPU
		{01609F5C-F9D8-453F-8EB6-CCC088F8C68A}.Debug|Any CPU.ActiveCfg = Debug|Any CPU
		{01609F5C-F9D8-453F-8EB6-CCC088F8C68A}.Debug|Any CPU.Build.0 = Debug|Any CPU
		{01609F5C-F9D8-453F-8EB6-CCC088F8C68A}.Release|Any CPU.ActiveCfg = Release|Any CPU
		{01609F5C-F9D8-453F-8EB6-CCC088F8C68A}.Release|Any CPU.Build.0 = Release|Any CPU
		{C4DD5A03-4DC7-49D3-957C-918BD779F28F}.Debug|Any CPU.ActiveCfg = Debug|Any CPU
		{C4DD5A03-4DC7-49D3-957C-918BD779F28F}.Debug|Any CPU.Build.0 = Debug|Any CPU
		{C4DD5A03-4DC7-49D3-957C-918BD779F28F}.Release|Any CPU.ActiveCfg = Release|Any CPU
		{C4DD5A03-4DC7-49D3-957C-918BD779F28F}.Release|Any CPU.Build.0 = Release|Any CPU
		{D7D89097-7863-42C9-9B56-AF4F42C18793}.Debug|Any CPU.ActiveCfg = Debug|Any CPU
		{D7D89097-7863-42C9-9B56-AF4F42C18793}.Debug|Any CPU.Build.0 = Debug|Any CPU
		{D7D89097-7863-42C9-9B56-AF4F42C18793}.Release|Any CPU.ActiveCfg = Release|Any CPU
		{D7D89097-7863-42C9-9B56-AF4F42C18793}.Release|Any CPU.Build.0 = Release|Any CPU
		{1E6A52EE-0588-48D1-8D36-84C8F3FAB886}.Debug|Any CPU.ActiveCfg = Debug|Any CPU
		{1E6A52EE-0588-48D1-8D36-84C8F3FAB886}.Debug|Any CPU.Build.0 = Debug|Any CPU
		{1E6A52EE-0588-48D1-8D36-84C8F3FAB886}.Release|Any CPU.ActiveCfg = Release|Any CPU
		{1E6A52EE-0588-48D1-8D36-84C8F3FAB886}.Release|Any CPU.Build.0 = Release|Any CPU
		{AF0ADA1C-993F-4D64-8BB4-4E7B30AB5415}.Debug|Any CPU.ActiveCfg = Debug|Any CPU
		{AF0ADA1C-993F-4D64-8BB4-4E7B30AB5415}.Debug|Any CPU.Build.0 = Debug|Any CPU
		{AF0ADA1C-993F-4D64-8BB4-4E7B30AB5415}.Release|Any CPU.ActiveCfg = Release|Any CPU
		{AF0ADA1C-993F-4D64-8BB4-4E7B30AB5415}.Release|Any CPU.Build.0 = Release|Any CPU
		{F3E84C88-4335-48E0-8FF6-09B19F615CCD}.Debug|Any CPU.ActiveCfg = Debug|Any CPU
		{F3E84C88-4335-48E0-8FF6-09B19F615CCD}.Debug|Any CPU.Build.0 = Debug|Any CPU
		{F3E84C88-4335-48E0-8FF6-09B19F615CCD}.Release|Any CPU.ActiveCfg = Release|Any CPU
		{F3E84C88-4335-48E0-8FF6-09B19F615CCD}.Release|Any CPU.Build.0 = Release|Any CPU
		{A268F28C-D60E-4D4A-9252-CFE10A6A6E9F}.Debug|Any CPU.ActiveCfg = Debug|Any CPU
		{A268F28C-D60E-4D4A-9252-CFE10A6A6E9F}.Debug|Any CPU.Build.0 = Debug|Any CPU
		{A268F28C-D60E-4D4A-9252-CFE10A6A6E9F}.Release|Any CPU.ActiveCfg = Release|Any CPU
		{A268F28C-D60E-4D4A-9252-CFE10A6A6E9F}.Release|Any CPU.Build.0 = Release|Any CPU
		{0F432982-9C86-4225-A18E-B7B5955C2603}.Debug|Any CPU.ActiveCfg = Debug|Any CPU
		{0F432982-9C86-4225-A18E-B7B5955C2603}.Debug|Any CPU.Build.0 = Debug|Any CPU
		{0F432982-9C86-4225-A18E-B7B5955C2603}.Release|Any CPU.ActiveCfg = Release|Any CPU
		{0F432982-9C86-4225-A18E-B7B5955C2603}.Release|Any CPU.Build.0 = Release|Any CPU
		{3E04A5D5-E677-498B-B6B6-FC36EAF452C1}.Debug|Any CPU.ActiveCfg = Debug|Any CPU
		{3E04A5D5-E677-498B-B6B6-FC36EAF452C1}.Debug|Any CPU.Build.0 = Debug|Any CPU
		{3E04A5D5-E677-498B-B6B6-FC36EAF452C1}.Release|Any CPU.ActiveCfg = Release|Any CPU
		{3E04A5D5-E677-498B-B6B6-FC36EAF452C1}.Release|Any CPU.Build.0 = Release|Any CPU
		{C1C98460-61EB-452B-9AF2-6E0D1DCB72E1}.Debug|Any CPU.ActiveCfg = Debug|Any CPU
		{C1C98460-61EB-452B-9AF2-6E0D1DCB72E1}.Debug|Any CPU.Build.0 = Debug|Any CPU
		{C1C98460-61EB-452B-9AF2-6E0D1DCB72E1}.Release|Any CPU.ActiveCfg = Release|Any CPU
		{C1C98460-61EB-452B-9AF2-6E0D1DCB72E1}.Release|Any CPU.Build.0 = Release|Any CPU
		{ADBE356E-F34B-4397-8E02-A30254D757C3}.Debug|Any CPU.ActiveCfg = Debug|Any CPU
		{ADBE356E-F34B-4397-8E02-A30254D757C3}.Debug|Any CPU.Build.0 = Debug|Any CPU
		{ADBE356E-F34B-4397-8E02-A30254D757C3}.Release|Any CPU.ActiveCfg = Release|Any CPU
		{ADBE356E-F34B-4397-8E02-A30254D757C3}.Release|Any CPU.Build.0 = Release|Any CPU
		{6D5DFE36-F451-40DF-8776-68C0D9CD0F49}.Debug|Any CPU.ActiveCfg = Debug|Any CPU
		{6D5DFE36-F451-40DF-8776-68C0D9CD0F49}.Debug|Any CPU.Build.0 = Debug|Any CPU
		{6D5DFE36-F451-40DF-8776-68C0D9CD0F49}.Release|Any CPU.ActiveCfg = Release|Any CPU
		{6D5DFE36-F451-40DF-8776-68C0D9CD0F49}.Release|Any CPU.Build.0 = Release|Any CPU
		{9895BA4D-4B87-4734-B64C-77E26654695C}.Debug|Any CPU.ActiveCfg = Debug|Any CPU
		{9895BA4D-4B87-4734-B64C-77E26654695C}.Debug|Any CPU.Build.0 = Debug|Any CPU
		{9895BA4D-4B87-4734-B64C-77E26654695C}.Release|Any CPU.ActiveCfg = Release|Any CPU
		{9895BA4D-4B87-4734-B64C-77E26654695C}.Release|Any CPU.Build.0 = Release|Any CPU
	EndGlobalSection
	GlobalSection(SolutionProperties) = preSolution
		HideSolutionNode = FALSE
	EndGlobalSection
	GlobalSection(NestedProjects) = preSolution
		{CCEC4A3E-1318-4A7C-A36C-6E13C1FB3E04} = {41B63EF7-CA50-42AE-81B0-ABCD2445C7AE}
		{9D986738-B90B-4AE0-B689-C6C5C54CB68F} = {D8419F33-AB76-4DFB-A98B-B192331FC608}
		{245E3FE3-72E2-4AA5-A61A-ECF8CCEECAFE} = {C4C6DE34-B60C-4F61-9B3A-BAD7EB36EC39}
		{9D4A7005-7070-4A1B-9D1D-CC95566806BB} = {C4C6DE34-B60C-4F61-9B3A-BAD7EB36EC39}
		{EE262385-1805-4131-B358-D512E6EA9079} = {C4C6DE34-B60C-4F61-9B3A-BAD7EB36EC39}
		{01609F5C-F9D8-453F-8EB6-CCC088F8C68A} = {41B63EF7-CA50-42AE-81B0-ABCD2445C7AE}
		{C4DD5A03-4DC7-49D3-957C-918BD779F28F} = {C4C6DE34-B60C-4F61-9B3A-BAD7EB36EC39}
		{D7D89097-7863-42C9-9B56-AF4F42C18793} = {BAE39483-71C3-4F59-B490-E8346B166817}
		{1E6A52EE-0588-48D1-8D36-84C8F3FAB886} = {BAE39483-71C3-4F59-B490-E8346B166817}
		{AF0ADA1C-993F-4D64-8BB4-4E7B30AB5415} = {41B63EF7-CA50-42AE-81B0-ABCD2445C7AE}
		{F3E84C88-4335-48E0-8FF6-09B19F615CCD} = {7C340657-627C-4BE8-BC7C-82C03EB09911}
		{A268F28C-D60E-4D4A-9252-CFE10A6A6E9F} = {D8419F33-AB76-4DFB-A98B-B192331FC608}
		{0F432982-9C86-4225-A18E-B7B5955C2603} = {5251C33C-E850-4144-BA28-7851DD779172}
		{3E04A5D5-E677-498B-B6B6-FC36EAF452C1} = {5251C33C-E850-4144-BA28-7851DD779172}
		{C1C98460-61EB-452B-9AF2-6E0D1DCB72E1} = {C4C6DE34-B60C-4F61-9B3A-BAD7EB36EC39}
		{ADBE356E-F34B-4397-8E02-A30254D757C3} = {5251C33C-E850-4144-BA28-7851DD779172}
		{6D5DFE36-F451-40DF-8776-68C0D9CD0F49} = {C4C6DE34-B60C-4F61-9B3A-BAD7EB36EC39}
		{9895BA4D-4B87-4734-B64C-77E26654695C} = {C4C6DE34-B60C-4F61-9B3A-BAD7EB36EC39}
	EndGlobalSection
	GlobalSection(ExtensibilityGlobals) = postSolution
		SolutionGuid = {D1580C35-20E7-4893-BC97-2D5F92302C9A}
	EndGlobalSection
EndGlobal
