
Microsoft Visual Studio Solution File, Format Version 12.00
# Visual Studio 15
VisualStudioVersion = 15.0.28307.438
MinimumVisualStudioVersion = 10.0.40219.1
Project("{9A19103F-16F7-4668-BE54-9A1E7A4F7556}") = "SyncSoft.Future", "..\Shared\Core\SyncSoft.Future.csproj", "{0F15E73F-FD96-45D1-87F3-42E3A3AAEF2F}"
EndProject
Project("{9A19103F-16F7-4668-BE54-9A1E7A4F7556}") = "SyncSoft.Future.MySql", "..\Shared\DataAccess\MySql\SyncSoft.Future.MySql.csproj", "{7657EF1E-5EAF-4BD8-AD0E-F7A5CD51A6BF}"
EndProject
Project("{9A19103F-16F7-4668-BE54-9A1E7A4F7556}") = "SyncSoft.Future.Redis", "..\Shared\DataAccess\Redis\SyncSoft.Future.Redis.csproj", "{E3D67F63-7BFF-441E-AB7E-CF3F9B9D5F65}"
EndProject
Project("{9A19103F-16F7-4668-BE54-9A1E7A4F7556}") = "SyncSoft.Future.Host", "..\Shared\Host\Core\SyncSoft.Future.Host.csproj", "{989745EB-99FB-423C-8466-9E4BA7BDFF82}"
EndProject
Project("{9A19103F-16F7-4668-BE54-9A1E7A4F7556}") = "SyncSoft.Future.Serilog", "..\Shared\Log\Serilog\SyncSoft.Future.Serilog.csproj", "{4BECD929-9745-4663-9576-ADAE42A21AEB}"
EndProject
Project("{9A19103F-16F7-4668-BE54-9A1E7A4F7556}") = "SyncSoft.Future.NUnit", "..\Shared\Test\NUnit\SyncSoft.Future.NUnit.csproj", "{93700C8D-5D98-4000-BE48-6E74C4D5AE41}"
EndProject
Project("{2150E333-8FDC-42A3-9474-1A3956D46DE8}") = "Shared", "Shared", "{F0F3FF7C-6FA3-492B-9635-6960E8A010F4}"
EndProject
Project("{2150E333-8FDC-42A3-9474-1A3956D46DE8}") = "Business", "Business", "{50100314-50F9-463C-A6B7-12F7AF107525}"
EndProject
Project("{9A19103F-16F7-4668-BE54-9A1E7A4F7556}") = "SyncSoft.Future.Product.CommandHandler", "Business\CommandHandler\SyncSoft.Future.Product.CommandHandler.csproj", "{D5B25045-EFB4-4272-B4E2-89915F651F9A}"
EndProject
Project("{9A19103F-16F7-4668-BE54-9A1E7A4F7556}") = "SyncSoft.Future.Product.Domain", "Business\Domain\SyncSoft.Future.Product.Domain.csproj", "{C118DF50-B09D-4BF9-BF36-734726534C4A}"
EndProject
Project("{9A19103F-16F7-4668-BE54-9A1E7A4F7556}") = "SyncSoft.Future.Product.API", "Client\API\SyncSoft.Future.Product.API.csproj", "{3719B65F-3046-4819-8D3F-4B4AECA4A1E1}"
EndProject
Project("{9A19103F-16F7-4668-BE54-9A1E7A4F7556}") = "SyncSoft.Future.Product.DataFacade", "DataAccess\DataFacade\SyncSoft.Future.Product.DataFacade.csproj", "{00547BB8-2767-4619-9505-82A0778F8296}"
EndProject
Project("{9A19103F-16F7-4668-BE54-9A1E7A4F7556}") = "SyncSoft.Future.Product.MySql", "DataAccess\MySql\SyncSoft.Future.Product.MySql.csproj", "{6ED366FB-C618-4674-AC31-7D5A08AF46CD}"
EndProject
Project("{9A19103F-16F7-4668-BE54-9A1E7A4F7556}") = "SyncSoft.Future.Product.Redis", "DataAccess\Redis\SyncSoft.Future.Product.Redis.csproj", "{F5002EAD-B382-4599-8DB7-EF584D290BC8}"
EndProject
Project("{2150E333-8FDC-42A3-9474-1A3956D46DE8}") = "DataAccess", "DataAccess", "{327430B0-0650-4A78-8FBA-56AA30DCB3EC}"
EndProject
Project("{2150E333-8FDC-42A3-9474-1A3956D46DE8}") = "Client", "Client", "{67C5D4C2-2AA8-4677-8468-3801D59F0CDF}"
EndProject
Project("{9A19103F-16F7-4668-BE54-9A1E7A4F7556}") = "SyncSoft.Future.Product", "Shared\Core\SyncSoft.Future.Product.csproj", "{D858A74C-E33E-4B55-B62F-FA1A3944023D}"
EndProject
Project("{2150E333-8FDC-42A3-9474-1A3956D46DE8}") = "Host", "Host", "{D4EE1EA1-71C7-4B59-8025-D5BEA5588178}"
EndProject
Project("{9A19103F-16F7-4668-BE54-9A1E7A4F7556}") = "SyncSoft.Future.Product.Service", "Host\Service\SyncSoft.Future.Product.Service.csproj", "{591CC537-36AC-4E51-A046-A5FAEAAABC48}"
EndProject
Project("{9A19103F-16F7-4668-BE54-9A1E7A4F7556}") = "SyncSoft.Future.Product.WebApi", "Host\WebApi\SyncSoft.Future.Product.WebApi.csproj", "{06FC3331-73AC-4B4A-9EA9-415F9D5AA937}"
EndProject
Global
	GlobalSection(SolutionConfigurationPlatforms) = preSolution
		Debug|Any CPU = Debug|Any CPU
		Release|Any CPU = Release|Any CPU
	EndGlobalSection
	GlobalSection(ProjectConfigurationPlatforms) = postSolution
		{0F15E73F-FD96-45D1-87F3-42E3A3AAEF2F}.Debug|Any CPU.ActiveCfg = Debug|Any CPU
		{0F15E73F-FD96-45D1-87F3-42E3A3AAEF2F}.Debug|Any CPU.Build.0 = Debug|Any CPU
		{0F15E73F-FD96-45D1-87F3-42E3A3AAEF2F}.Release|Any CPU.ActiveCfg = Release|Any CPU
		{0F15E73F-FD96-45D1-87F3-42E3A3AAEF2F}.Release|Any CPU.Build.0 = Release|Any CPU
		{7657EF1E-5EAF-4BD8-AD0E-F7A5CD51A6BF}.Debug|Any CPU.ActiveCfg = Debug|Any CPU
		{7657EF1E-5EAF-4BD8-AD0E-F7A5CD51A6BF}.Debug|Any CPU.Build.0 = Debug|Any CPU
		{7657EF1E-5EAF-4BD8-AD0E-F7A5CD51A6BF}.Release|Any CPU.ActiveCfg = Release|Any CPU
		{7657EF1E-5EAF-4BD8-AD0E-F7A5CD51A6BF}.Release|Any CPU.Build.0 = Release|Any CPU
		{E3D67F63-7BFF-441E-AB7E-CF3F9B9D5F65}.Debug|Any CPU.ActiveCfg = Debug|Any CPU
		{E3D67F63-7BFF-441E-AB7E-CF3F9B9D5F65}.Debug|Any CPU.Build.0 = Debug|Any CPU
		{E3D67F63-7BFF-441E-AB7E-CF3F9B9D5F65}.Release|Any CPU.ActiveCfg = Release|Any CPU
		{E3D67F63-7BFF-441E-AB7E-CF3F9B9D5F65}.Release|Any CPU.Build.0 = Release|Any CPU
		{989745EB-99FB-423C-8466-9E4BA7BDFF82}.Debug|Any CPU.ActiveCfg = Debug|Any CPU
		{989745EB-99FB-423C-8466-9E4BA7BDFF82}.Debug|Any CPU.Build.0 = Debug|Any CPU
		{989745EB-99FB-423C-8466-9E4BA7BDFF82}.Release|Any CPU.ActiveCfg = Release|Any CPU
		{989745EB-99FB-423C-8466-9E4BA7BDFF82}.Release|Any CPU.Build.0 = Release|Any CPU
		{4BECD929-9745-4663-9576-ADAE42A21AEB}.Debug|Any CPU.ActiveCfg = Debug|Any CPU
		{4BECD929-9745-4663-9576-ADAE42A21AEB}.Debug|Any CPU.Build.0 = Debug|Any CPU
		{4BECD929-9745-4663-9576-ADAE42A21AEB}.Release|Any CPU.ActiveCfg = Release|Any CPU
		{4BECD929-9745-4663-9576-ADAE42A21AEB}.Release|Any CPU.Build.0 = Release|Any CPU
		{93700C8D-5D98-4000-BE48-6E74C4D5AE41}.Debug|Any CPU.ActiveCfg = Debug|Any CPU
		{93700C8D-5D98-4000-BE48-6E74C4D5AE41}.Debug|Any CPU.Build.0 = Debug|Any CPU
		{93700C8D-5D98-4000-BE48-6E74C4D5AE41}.Release|Any CPU.ActiveCfg = Release|Any CPU
		{93700C8D-5D98-4000-BE48-6E74C4D5AE41}.Release|Any CPU.Build.0 = Release|Any CPU
		{D5B25045-EFB4-4272-B4E2-89915F651F9A}.Debug|Any CPU.ActiveCfg = Debug|Any CPU
		{D5B25045-EFB4-4272-B4E2-89915F651F9A}.Debug|Any CPU.Build.0 = Debug|Any CPU
		{D5B25045-EFB4-4272-B4E2-89915F651F9A}.Release|Any CPU.ActiveCfg = Release|Any CPU
		{D5B25045-EFB4-4272-B4E2-89915F651F9A}.Release|Any CPU.Build.0 = Release|Any CPU
		{C118DF50-B09D-4BF9-BF36-734726534C4A}.Debug|Any CPU.ActiveCfg = Debug|Any CPU
		{C118DF50-B09D-4BF9-BF36-734726534C4A}.Debug|Any CPU.Build.0 = Debug|Any CPU
		{C118DF50-B09D-4BF9-BF36-734726534C4A}.Release|Any CPU.ActiveCfg = Release|Any CPU
		{C118DF50-B09D-4BF9-BF36-734726534C4A}.Release|Any CPU.Build.0 = Release|Any CPU
		{3719B65F-3046-4819-8D3F-4B4AECA4A1E1}.Debug|Any CPU.ActiveCfg = Debug|Any CPU
		{3719B65F-3046-4819-8D3F-4B4AECA4A1E1}.Debug|Any CPU.Build.0 = Debug|Any CPU
		{3719B65F-3046-4819-8D3F-4B4AECA4A1E1}.Release|Any CPU.ActiveCfg = Release|Any CPU
		{3719B65F-3046-4819-8D3F-4B4AECA4A1E1}.Release|Any CPU.Build.0 = Release|Any CPU
		{00547BB8-2767-4619-9505-82A0778F8296}.Debug|Any CPU.ActiveCfg = Debug|Any CPU
		{00547BB8-2767-4619-9505-82A0778F8296}.Debug|Any CPU.Build.0 = Debug|Any CPU
		{00547BB8-2767-4619-9505-82A0778F8296}.Release|Any CPU.ActiveCfg = Release|Any CPU
		{00547BB8-2767-4619-9505-82A0778F8296}.Release|Any CPU.Build.0 = Release|Any CPU
		{6ED366FB-C618-4674-AC31-7D5A08AF46CD}.Debug|Any CPU.ActiveCfg = Debug|Any CPU
		{6ED366FB-C618-4674-AC31-7D5A08AF46CD}.Debug|Any CPU.Build.0 = Debug|Any CPU
		{6ED366FB-C618-4674-AC31-7D5A08AF46CD}.Release|Any CPU.ActiveCfg = Release|Any CPU
		{6ED366FB-C618-4674-AC31-7D5A08AF46CD}.Release|Any CPU.Build.0 = Release|Any CPU
		{F5002EAD-B382-4599-8DB7-EF584D290BC8}.Debug|Any CPU.ActiveCfg = Debug|Any CPU
		{F5002EAD-B382-4599-8DB7-EF584D290BC8}.Debug|Any CPU.Build.0 = Debug|Any CPU
		{F5002EAD-B382-4599-8DB7-EF584D290BC8}.Release|Any CPU.ActiveCfg = Release|Any CPU
		{F5002EAD-B382-4599-8DB7-EF584D290BC8}.Release|Any CPU.Build.0 = Release|Any CPU
		{D858A74C-E33E-4B55-B62F-FA1A3944023D}.Debug|Any CPU.ActiveCfg = Debug|Any CPU
		{D858A74C-E33E-4B55-B62F-FA1A3944023D}.Debug|Any CPU.Build.0 = Debug|Any CPU
		{D858A74C-E33E-4B55-B62F-FA1A3944023D}.Release|Any CPU.ActiveCfg = Release|Any CPU
		{D858A74C-E33E-4B55-B62F-FA1A3944023D}.Release|Any CPU.Build.0 = Release|Any CPU
		{591CC537-36AC-4E51-A046-A5FAEAAABC48}.Debug|Any CPU.ActiveCfg = Debug|Any CPU
		{591CC537-36AC-4E51-A046-A5FAEAAABC48}.Debug|Any CPU.Build.0 = Debug|Any CPU
		{591CC537-36AC-4E51-A046-A5FAEAAABC48}.Release|Any CPU.ActiveCfg = Release|Any CPU
		{591CC537-36AC-4E51-A046-A5FAEAAABC48}.Release|Any CPU.Build.0 = Release|Any CPU
		{06FC3331-73AC-4B4A-9EA9-415F9D5AA937}.Debug|Any CPU.ActiveCfg = Debug|Any CPU
		{06FC3331-73AC-4B4A-9EA9-415F9D5AA937}.Debug|Any CPU.Build.0 = Debug|Any CPU
		{06FC3331-73AC-4B4A-9EA9-415F9D5AA937}.Release|Any CPU.ActiveCfg = Release|Any CPU
		{06FC3331-73AC-4B4A-9EA9-415F9D5AA937}.Release|Any CPU.Build.0 = Release|Any CPU
	EndGlobalSection
	GlobalSection(SolutionProperties) = preSolution
		HideSolutionNode = FALSE
	EndGlobalSection
	GlobalSection(NestedProjects) = preSolution
		{0F15E73F-FD96-45D1-87F3-42E3A3AAEF2F} = {F0F3FF7C-6FA3-492B-9635-6960E8A010F4}
		{7657EF1E-5EAF-4BD8-AD0E-F7A5CD51A6BF} = {F0F3FF7C-6FA3-492B-9635-6960E8A010F4}
		{E3D67F63-7BFF-441E-AB7E-CF3F9B9D5F65} = {F0F3FF7C-6FA3-492B-9635-6960E8A010F4}
		{989745EB-99FB-423C-8466-9E4BA7BDFF82} = {F0F3FF7C-6FA3-492B-9635-6960E8A010F4}
		{4BECD929-9745-4663-9576-ADAE42A21AEB} = {F0F3FF7C-6FA3-492B-9635-6960E8A010F4}
		{93700C8D-5D98-4000-BE48-6E74C4D5AE41} = {F0F3FF7C-6FA3-492B-9635-6960E8A010F4}
		{D5B25045-EFB4-4272-B4E2-89915F651F9A} = {50100314-50F9-463C-A6B7-12F7AF107525}
		{C118DF50-B09D-4BF9-BF36-734726534C4A} = {50100314-50F9-463C-A6B7-12F7AF107525}
		{3719B65F-3046-4819-8D3F-4B4AECA4A1E1} = {67C5D4C2-2AA8-4677-8468-3801D59F0CDF}
		{00547BB8-2767-4619-9505-82A0778F8296} = {327430B0-0650-4A78-8FBA-56AA30DCB3EC}
		{6ED366FB-C618-4674-AC31-7D5A08AF46CD} = {327430B0-0650-4A78-8FBA-56AA30DCB3EC}
		{F5002EAD-B382-4599-8DB7-EF584D290BC8} = {327430B0-0650-4A78-8FBA-56AA30DCB3EC}
		{D858A74C-E33E-4B55-B62F-FA1A3944023D} = {F0F3FF7C-6FA3-492B-9635-6960E8A010F4}
		{591CC537-36AC-4E51-A046-A5FAEAAABC48} = {D4EE1EA1-71C7-4B59-8025-D5BEA5588178}
		{06FC3331-73AC-4B4A-9EA9-415F9D5AA937} = {D4EE1EA1-71C7-4B59-8025-D5BEA5588178}
	EndGlobalSection
	GlobalSection(ExtensibilityGlobals) = postSolution
		SolutionGuid = {F2302596-D2F3-4AC1-ADF9-B46AA09CFF28}
	EndGlobalSection
EndGlobal
